
Microsoft Visual Studio Solution File, Format Version 12.00
# Visual Studio 15
VisualStudioVersion = 15.0.26730.15
MinimumVisualStudioVersion = 10.0.40219.1
Project("{FAE04EC0-301F-11D3-BF4B-00C04F79EFBC}") = "01.PhoneBook", "ConsoleApp1\01.PhoneBook.csproj", "{77BCB79F-4DE6-4CD8-927A-DD0FAD300AC7}"
EndProject
Project("{FAE04EC0-301F-11D3-BF4B-00C04F79EFBC}") = "02.PhonebookUpgrade", "02.PhonebookUpgrade\02.PhonebookUpgrade.csproj", "{4D606954-9D97-4804-B814-BBB291BF4AD9}"
EndProject
Project("{FAE04EC0-301F-11D3-BF4B-00C04F79EFBC}") = "03.AMinerTask", "03.AMinerTask\03.AMinerTask.csproj", "{594DF68D-CEAE-4810-BA8A-7F8BAEFD1B78}"
EndProject
Project("{FAE04EC0-301F-11D3-BF4B-00C04F79EFBC}") = "04.FixEmails", "04.FixEmails\04.FixEmails.csproj", "{AE314B9E-49B2-4D24-B6EE-61C47CB561D2}"
EndProject
Global
	GlobalSection(SolutionConfigurationPlatforms) = preSolution
		Debug|Any CPU = Debug|Any CPU
		Release|Any CPU = Release|Any CPU
	EndGlobalSection
	GlobalSection(ProjectConfigurationPlatforms) = postSolution
		{77BCB79F-4DE6-4CD8-927A-DD0FAD300AC7}.Debug|Any CPU.ActiveCfg = Debug|Any CPU
		{77BCB79F-4DE6-4CD8-927A-DD0FAD300AC7}.Debug|Any CPU.Build.0 = Debug|Any CPU
		{77BCB79F-4DE6-4CD8-927A-DD0FAD300AC7}.Release|Any CPU.ActiveCfg = Release|Any CPU
		{77BCB79F-4DE6-4CD8-927A-DD0FAD300AC7}.Release|Any CPU.Build.0 = Release|Any CPU
		{4D606954-9D97-4804-B814-BBB291BF4AD9}.Debug|Any CPU.ActiveCfg = Debug|Any CPU
		{4D606954-9D97-4804-B814-BBB291BF4AD9}.Debug|Any CPU.Build.0 = Debug|Any CPU
		{4D606954-9D97-4804-B814-BBB291BF4AD9}.Release|Any CPU.ActiveCfg = Release|Any CPU
		{4D606954-9D97-4804-B814-BBB291BF4AD9}.Release|Any CPU.Build.0 = Release|Any CPU
		{594DF68D-CEAE-4810-BA8A-7F8BAEFD1B78}.Debug|Any CPU.ActiveCfg = Debug|Any CPU
		{594DF68D-CEAE-4810-BA8A-7F8BAEFD1B78}.Debug|Any CPU.Build.0 = Debug|Any CPU
		{594DF68D-CEAE-4810-BA8A-7F8BAEFD1B78}.Release|Any CPU.ActiveCfg = Release|Any CPU
		{594DF68D-CEAE-4810-BA8A-7F8BAEFD1B78}.Release|Any CPU.Build.0 = Release|Any CPU
		{AE314B9E-49B2-4D24-B6EE-61C47CB561D2}.Debug|Any CPU.ActiveCfg = Debug|Any CPU
		{AE314B9E-49B2-4D24-B6EE-61C47CB561D2}.Debug|Any CPU.Build.0 = Debug|Any CPU
		{AE314B9E-49B2-4D24-B6EE-61C47CB561D2}.Release|Any CPU.ActiveCfg = Release|Any CPU
		{AE314B9E-49B2-4D24-B6EE-61C47CB561D2}.Release|Any CPU.Build.0 = Release|Any CPU
	EndGlobalSection
	GlobalSection(SolutionProperties) = preSolution
		HideSolutionNode = FALSE
	EndGlobalSection
	GlobalSection(ExtensibilityGlobals) = postSolution
		SolutionGuid = {FCCC48BC-5DD2-4C61-86C5-4750A894DA6F}
	EndGlobalSection
EndGlobal
