
Microsoft Visual Studio Solution File, Format Version 12.00
# Visual Studio 15
VisualStudioVersion = 15.0.26730.15
MinimumVisualStudioVersion = 10.0.40219.1
Project("{FAE04EC0-301F-11D3-BF4B-00C04F79EFBC}") = "01.DayOfWeek", "01.DayOfWeek\01.DayOfWeek.csproj", "{41F47474-08F5-42F4-AF40-468EE042E23E}"
EndProject
Project("{FAE04EC0-301F-11D3-BF4B-00C04F79EFBC}") = "02.ReverseAnArrayOfIntegers", "02.ReverseAnArrayOfIntegers\02.ReverseAnArrayOfIntegers.csproj", "{F4765FDD-A57E-4CE7-B4D9-3959520ED0E2}"
EndProject
Project("{FAE04EC0-301F-11D3-BF4B-00C04F79EFBC}") = "03.LastKNumbersSumsSequence", "03.LastKNumbersSumsSequence\03.LastKNumbersSumsSequence.csproj", "{85BE81A6-6FC9-4092-97AD-41E720B8ACD5}"
EndProject
Project("{FAE04EC0-301F-11D3-BF4B-00C04F79EFBC}") = "05.RoundingAwayFromZero", "05.RoundingAwayFromZero\05.RoundingAwayFromZero.csproj", "{C4EE4956-F6E7-4815-ADDF-BF7376F5BECB}"
EndProject
Project("{FAE04EC0-301F-11D3-BF4B-00C04F79EFBC}") = "06.ReverseArrayOfStrings", "06.ReverseArrayOfStrings\06.ReverseArrayOfStrings.csproj", "{7AB6EA3A-ACC6-4AAA-B5F0-EA2E318FC1CF}"
EndProject
Project("{FAE04EC0-301F-11D3-BF4B-00C04F79EFBC}") = "04.TrippleSum", "04.TrippleSum\04.TrippleSum.csproj", "{79C49F18-57E9-40B4-9045-F4E4E1E94DA6}"
EndProject
Project("{FAE04EC0-301F-11D3-BF4B-00C04F79EFBC}") = "07.SumOfArrays", "07.SumOfArrays\07.SumOfArrays.csproj", "{C38D015A-FCF7-4AC6-AC45-55513C302EA7}"
EndProject
Global
	GlobalSection(SolutionConfigurationPlatforms) = preSolution
		Debug|Any CPU = Debug|Any CPU
		Release|Any CPU = Release|Any CPU
	EndGlobalSection
	GlobalSection(ProjectConfigurationPlatforms) = postSolution
		{41F47474-08F5-42F4-AF40-468EE042E23E}.Debug|Any CPU.ActiveCfg = Debug|Any CPU
		{41F47474-08F5-42F4-AF40-468EE042E23E}.Debug|Any CPU.Build.0 = Debug|Any CPU
		{41F47474-08F5-42F4-AF40-468EE042E23E}.Release|Any CPU.ActiveCfg = Release|Any CPU
		{41F47474-08F5-42F4-AF40-468EE042E23E}.Release|Any CPU.Build.0 = Release|Any CPU
		{F4765FDD-A57E-4CE7-B4D9-3959520ED0E2}.Debug|Any CPU.ActiveCfg = Debug|Any CPU
		{F4765FDD-A57E-4CE7-B4D9-3959520ED0E2}.Debug|Any CPU.Build.0 = Debug|Any CPU
		{F4765FDD-A57E-4CE7-B4D9-3959520ED0E2}.Release|Any CPU.ActiveCfg = Release|Any CPU
		{F4765FDD-A57E-4CE7-B4D9-3959520ED0E2}.Release|Any CPU.Build.0 = Release|Any CPU
		{85BE81A6-6FC9-4092-97AD-41E720B8ACD5}.Debug|Any CPU.ActiveCfg = Debug|Any CPU
		{85BE81A6-6FC9-4092-97AD-41E720B8ACD5}.Debug|Any CPU.Build.0 = Debug|Any CPU
		{85BE81A6-6FC9-4092-97AD-41E720B8ACD5}.Release|Any CPU.ActiveCfg = Release|Any CPU
		{85BE81A6-6FC9-4092-97AD-41E720B8ACD5}.Release|Any CPU.Build.0 = Release|Any CPU
		{C4EE4956-F6E7-4815-ADDF-BF7376F5BECB}.Debug|Any CPU.ActiveCfg = Debug|Any CPU
		{C4EE4956-F6E7-4815-ADDF-BF7376F5BECB}.Debug|Any CPU.Build.0 = Debug|Any CPU
		{C4EE4956-F6E7-4815-ADDF-BF7376F5BECB}.Release|Any CPU.ActiveCfg = Release|Any CPU
		{C4EE4956-F6E7-4815-ADDF-BF7376F5BECB}.Release|Any CPU.Build.0 = Release|Any CPU
		{7AB6EA3A-ACC6-4AAA-B5F0-EA2E318FC1CF}.Debug|Any CPU.ActiveCfg = Debug|Any CPU
		{7AB6EA3A-ACC6-4AAA-B5F0-EA2E318FC1CF}.Debug|Any CPU.Build.0 = Debug|Any CPU
		{7AB6EA3A-ACC6-4AAA-B5F0-EA2E318FC1CF}.Release|Any CPU.ActiveCfg = Release|Any CPU
		{7AB6EA3A-ACC6-4AAA-B5F0-EA2E318FC1CF}.Release|Any CPU.Build.0 = Release|Any CPU
		{79C49F18-57E9-40B4-9045-F4E4E1E94DA6}.Debug|Any CPU.ActiveCfg = Debug|Any CPU
		{79C49F18-57E9-40B4-9045-F4E4E1E94DA6}.Debug|Any CPU.Build.0 = Debug|Any CPU
		{79C49F18-57E9-40B4-9045-F4E4E1E94DA6}.Release|Any CPU.ActiveCfg = Release|Any CPU
		{79C49F18-57E9-40B4-9045-F4E4E1E94DA6}.Release|Any CPU.Build.0 = Release|Any CPU
		{C38D015A-FCF7-4AC6-AC45-55513C302EA7}.Debug|Any CPU.ActiveCfg = Debug|Any CPU
		{C38D015A-FCF7-4AC6-AC45-55513C302EA7}.Debug|Any CPU.Build.0 = Debug|Any CPU
		{C38D015A-FCF7-4AC6-AC45-55513C302EA7}.Release|Any CPU.ActiveCfg = Release|Any CPU
		{C38D015A-FCF7-4AC6-AC45-55513C302EA7}.Release|Any CPU.Build.0 = Release|Any CPU
	EndGlobalSection
	GlobalSection(SolutionProperties) = preSolution
		HideSolutionNode = FALSE
	EndGlobalSection
	GlobalSection(ExtensibilityGlobals) = postSolution
		SolutionGuid = {0D2C485B-685A-4934-A23E-A640AA0020C6}
	EndGlobalSection
EndGlobal
